
Microsoft Visual Studio Solution File, Format Version 12.00
# Visual Studio Version 17
VisualStudioVersion = 17.14.37314.3 d17.14
MinimumVisualStudioVersion = 10.0.40219.1
Project("{FAE04EC0-301F-11D3-BF4B-00C04F79EFBC}") = "CameraRecorder.Worker", "CameraRecorder.Worker\CameraRecorder.Worker.csproj", "{0E6A0A9A-CEF9-4AD9-88B5-D7A669D5C968}"
EndProject
Project("{FAE04EC0-301F-11D3-BF4B-00C04F79EFBC}") = "CameraRecorder.Web", "CameraRecorder.Web\CameraRecorder.Web.csproj", "{2FE50221-631E-4307-A3AE-CFD102CF84F5}"
EndProject
Global
	GlobalSection(SolutionConfigurationPlatforms) = preSolution
		Debug|Any CPU = Debug|Any CPU
		Release|Any CPU = Release|Any CPU
	EndGlobalSection
	GlobalSection(ProjectConfigurationPlatforms) = postSolution
		{0E6A0A9A-CEF9-4AD9-88B5-D7A669D5C968}.Debug|Any CPU.ActiveCfg = Debug|Any CPU
		{0E6A0A9A-CEF9-4AD9-88B5-D7A669D5C968}.Debug|Any CPU.Build.0 = Debug|Any CPU
		{0E6A0A9A-CEF9-4AD9-88B5-D7A669D5C968}.Release|Any CPU.ActiveCfg = Release|Any CPU
		{0E6A0A9A-CEF9-4AD9-88B5-D7A669D5C968}.Release|Any CPU.Build.0 = Release|Any CPU
		{2FE50221-631E-4307-A3AE-CFD102CF84F5}.Debug|Any CPU.ActiveCfg = Debug|Any CPU
		{2FE50221-631E-4307-A3AE-CFD102CF84F5}.Debug|Any CPU.Build.0 = Debug|Any CPU
		{2FE50221-631E-4307-A3AE-CFD102CF84F5}.Release|Any CPU.ActiveCfg = Release|Any CPU
		{2FE50221-631E-4307-A3AE-CFD102CF84F5}.Release|Any CPU.Build.0 = Release|Any CPU
	EndGlobalSection
	GlobalSection(SolutionProperties) = preSolution
		HideSolutionNode = FALSE
	EndGlobalSection
	GlobalSection(ExtensibilityGlobals) = postSolution
		SolutionGuid = {144AE2AD-265F-4491-95FF-9740B98AB15F}
	EndGlobalSection
EndGlobal
